
Microsoft Visual Studio Solution File, Format Version 12.00
# Visual Studio Version 17
VisualStudioVersion = 17.4.33213.308
MinimumVisualStudioVersion = 10.0.40219.1
Project("{FAE04EC0-301F-11D3-BF4B-00C04F79EFBC}") = "Modul3_1302213131", "Modul3_1302213131\Modul3_1302213131.csproj", "{7781343A-2481-47F0-8F49-A554E7DCCBCD}"
EndProject
Global
	GlobalSection(SolutionConfigurationPlatforms) = preSolution
		Debug|Any CPU = Debug|Any CPU
		Release|Any CPU = Release|Any CPU
	EndGlobalSection
	GlobalSection(ProjectConfigurationPlatforms) = postSolution
		{7781343A-2481-47F0-8F49-A554E7DCCBCD}.Debug|Any CPU.ActiveCfg = Debug|Any CPU
		{7781343A-2481-47F0-8F49-A554E7DCCBCD}.Debug|Any CPU.Build.0 = Debug|Any CPU
		{7781343A-2481-47F0-8F49-A554E7DCCBCD}.Release|Any CPU.ActiveCfg = Release|Any CPU
		{7781343A-2481-47F0-8F49-A554E7DCCBCD}.Release|Any CPU.Build.0 = Release|Any CPU
	EndGlobalSection
	GlobalSection(SolutionProperties) = preSolution
		HideSolutionNode = FALSE
	EndGlobalSection
	GlobalSection(ExtensibilityGlobals) = postSolution
		SolutionGuid = {5E827C33-6018-418A-8147-F9452C8BF8A8}
	EndGlobalSection
EndGlobal
